{
    "_meta": {
        "hash": {
            "sha256": "ea5eecd391f8cbd0d72cc370ec1cebe030ef4704e1c673d1ee1d1422c0964255"
        },
        "pipfile-spec": 6,
        "requires": {
            "python_version": "3.9"
        },
        "sources": [
            {
                "name": "pypi",
                "url": "https://pypi.org/simple",
                "verify_ssl": true
            }
        ]
    },
    "default": {
        "asgiref": {
            "hashes": [
                "sha256:2f8abc20f7248433085eda803936d98992f1343ddb022065779f37c5da0181d0",
                "sha256:88d59c13d634dcffe0510be048210188edd79aeccb6a6c9028cdad6f31d730a9"
            ],
            "markers": "python_version >= '3.7'",
            "version": "==3.5.0"
        },
        "bytecode": {
            "hashes": [
                "sha256:0c37efa5bd158b1b873f530cceea2c645611d55bd2dc2a4758b09f185749b6fd",
                "sha256:64fb10cde1db7ef5cc39bd414ecebd54ba3b40e1c4cf8121ca5e72f170916ff8"
            ],
            "markers": "python_version >= '3.9'",
            "version": "==0.17.0"
        },
        "ddtrace": {
            "hashes": [
                "sha256:0468513f2b559e7e36ab8f55a053eaf56fff52cb9e2fdd5dc65a3d2b4a665f47",
                "sha256:0636a3c7fae8f2fdcb2a154598bd3e13d9335e5c20a643096363b6ea668fd199",
                "sha256:0ea25674988cca2bdba5cfd2eb310c3df536fe2f1b84a45ccdb492620bc933e4",
                "sha256:17be069427651b007da195d680a45fdf1456fa22734099825e977f3f591bf0a8",
                "sha256:1c7b5f1bc7c07bd61f91ae2dec034c431a107439b4e56e06287b5241844f639d",
                "sha256:1d30746ff6868d0c7b95f90492bf636c5f517895bfb19a1ca99f8225c0daa507",
                "sha256:1dc58aa0f65a5a01c2f75ce2040e8ab1ba0b1d4e409a07d500e3c4c9be4a3fb1",
                "sha256:2244a045ec85066beef0fe005e047754ac8184dc9732b53b06009b9b87050edb",
                "sha256:2376c450cb4b4614fe8ac57028e92e1eef4dad05a1c31e515004f92ffbbb6b44",
                "sha256:256c9dcdf407645e1d9410fb7fa333c5e4c9a34aaa57ae00e67c68a231e54a35",
                "sha256:26c50c4efea8e644325cc803a4240b7a9e8c69ace9d7f47df096c21e539dfa4e",
                "sha256:2a6707d5c6e7fda5d96521f051191e0a23028a7fa89aa5a1e391669c3582a2b0",
                "sha256:2ad0a966385fdb6cf33b1a55c1ea5ca9f145916d5d8fed638d00fbc23e51985c",
                "sha256:315a0d201871bf4af993346c4a2fcb94682a7d5b21762ac7e17ba8a7918dff0c",
                "sha256:3294aa96f61fdec77bae3c05a38815807ca8a673ea55a4dcb5c181a79ba3ad18",
                "sha256:474821aac309a57f6149be689c52d86051a7aa06256aa5c51f128b77865b04d0",
                "sha256:477134b5a3c0c7cb6b2bbd8ce88fc60a109e9674b86010673b3cdee85de46880",
                "sha256:49dc2df87dc97a81679134557c02a33fcc75a2e297a9950aef48855752473984",
                "sha256:54cd812b73d5ae900b6b7dc1a293472f7049b9ea306ff5d1760accc697a6cfba",
                "sha256:5e991c1494926e6e05d7cfdca5e73f923e1461f25dfbeff08ff1a7072fecabde",
                "sha256:621ccd29bb105e62ac31620be458760627367d446268422f7c931c771f1cc485",
                "sha256:6846eab6d0c23d476624d113765f29cd7330bd76d945dc0179dd01d2d958110a",
                "sha256:6b66c50b0d24adb8d317b1d6c43ce8a54b2d0f81c955b3d8bed311b6198538cd",
                "sha256:6cc63848ffb15723e103e04eeee76c96d0456e3cd2a7c541890772b1feeb91fd",
                "sha256:6d8b1c63a2c0dcfe7717673f2e9c4dbdd3f023bf1ac7df4e997c40d08262d1ea",
                "sha256:6f3916de242938309f5250942f9aa978e8f8173bca53acd9c9fd00e1a68eec22",
                "sha256:7b7e069b3d15db883f47f367ba6c712aafe360a924f0c595fd835b148cd57bb7",
                "sha256:7c3e6c914163b5d580e85eb5bbddc3f37ef01a82a6eac84c8781ae153f803e7f",
                "sha256:7cd8f695482ff8993f45144b0d48195139f9f1106242c3481743385efa6003f2",
                "sha256:8ecaa10569427914bfee873a57a9c21cbe35de58ea1b7bf9e410f701518b0ca7",
                "sha256:90ccab588f574068fae10cd7dd0ef328f8aeea2dab643964080f81c39b686e3f",
                "sha256:9656f7f839e0ea3a7660c866fde033ce63de7d471c88fcc80c9f013148ebfbeb",
                "sha256:99ab85681b77b2c78653e40009e3dfb02a43bce3ca75271c340c25a58af7de6f",
                "sha256:9dd16e956fd9e5e9961855bcf6116576cfa1cfbab167d37630bc159d332b4448",
                "sha256:9f14bc7198ead378222f9a987851584df2898ce46b9516c46edac8874926bd00",
                "sha256:a137de8e5887d7602f9dd91bb685bdfbc9974fc8607cfd6203ed8e20364ecc4b",
                "sha256:ae39d2b5529cec7a402005baff90167324ea4b1d3be7e8b11df4e099c8088b78",
                "sha256:ae981be0d56e4d9c62cbe4ffb80e4f792ecba233e55731d4dfff02d905d45263",
                "sha256:b1d9a055bf37d06cc8c9f8871f11c72175d22d5695b88ef9167359f8bb030612",
                "sha256:b39e3cda1d91ec3908f3c60686bf72e4a6f55d9467d4b681fad6822166739a0b",
                "sha256:b3b711f4030fd8e8375dffa242588f32a3f5d7d0c3da17a47ad1be5a33583f7f",
                "sha256:b7a495db16a7c3080cdeccbc436c7c1d88ce2f973b166880d938525845899113",
                "sha256:ba9b9d737650fd9a9232d6f612666cbc33fc5b7f4bc366c4134cf87296d5c30d",
                "sha256:c8124e602fde7d970ed848827909f3b7bed0c9d1235abed26c9163b675e63892",
                "sha256:cfb19902507bcbeb1dbbb38ea55cfafffd28a33401a9d87ea53c18b4e738f947",
                "sha256:d48518b87366d22df74de6ccb3caa8a45dee46799f6fba0e90d38db9e3a27ac3",
                "sha256:dd64d507637653ef443ce8f7f90dba0fb24f2b3342b4595d89fd5c322cc60b0d",
                "sha256:de797ccf7e04561a5b083f91ca3e89096b6149e18c451c6fafa76a8643608dbd",
                "sha256:e02b68e80e6cd18d9fcea71fdbe3ec043aa271dcde3d9baca1ed0e9706f79ae1",
                "sha256:e3ae7588a89c948c1e99cdd3fb853aeab4fb3bc93a6a5fd05ea1d0db43ce674b",
                "sha256:ecd8b6e4e0935a2a79e8f86787dff7ce2c1a670bd73825d4093fe32302bc4af2",
                "sha256:ee55e3283937b9f1b18d94011bfb0e90e10db0c0d82dadc8c68c832b119aaa9a",
                "sha256:eea8414169fa61e12dc817f8719c474bde406251ceea7acbfd3c2addf5517fb5"
            ],
            "index": "pypi",
            "markers": "python_version >= '3.9'",
            "version": "==4.0.0"
        },
        "dj-database-url": {
            "hashes": [
                "sha256:4aeaeb1f573c74835b0686a2b46b85990571159ffc21aa57ecd4d1e1cb334163",
                "sha256:851785365761ebe4994a921b433062309eb882fedd318e1b0fcecc607ed02da9"
            ],
            "index": "pypi",
            "version": "==0.5.0"
        },
        "django": {
            "hashes": [
                "sha256:110fb58fb12eca59e072ad59fc42d771cd642dd7a2f2416582aa9da7a8ef954a",
                "sha256:996495c58bff749232426c88726d8cd38d24c94d7c1d80835aafffa9bc52985a"
            ],
            "index": "pypi",
            "version": "==4.0.2"
        },
        "django-cors-headers": {
            "hashes": [
                "sha256:a22be2befd4069c4fc174f11cf067351df5c061a3a5f94a01650b4e928b0372b",
                "sha256:eb98389bf7a2afc5d374806af4a9149697e3a6955b5a2dc2bf049f7d33647456"
            ],
            "index": "pypi",
            "version": "==3.11.0"
        },
        "djangorestframework": {
            "hashes": [
                "sha256:0c33407ce23acc68eca2a6e46424b008c9c02eceb8cf18581921d0092bc1f2ee",
                "sha256:24c4bf58ed7e85d1fe4ba250ab2da926d263cd57d64b03e8dcef0ac683f8b1aa"
            ],
            "index": "pypi",
            "version": "==3.13.1"
        },
        "djangorestframework-simplejwt": {
            "hashes": [
                "sha256:30b10e7732395c44d21980f773214d2b9bdeadf2a6c6809cd1a7c9abe272873c",
                "sha256:ddcbeef51155d1e71410dde44b581c7e04cfb74776f5337661ac3ef4c0c367e6"
            ],
            "index": "pypi",
            "version": "==5.0.0"
        },
        "envier": {
            "hashes": [
                "sha256:3309a01bb3d8850c9e7a31a5166d5a836846db2faecb79b9cb32654dd50ca9f9",
                "sha256:73609040a76be48bbcb97074d9969666484aa0de706183a6e9ef773156a8a6a9"
            ],
            "markers": "python_version >= '3.7'",
            "version": "==0.6.1"
        },
        "gunicorn": {
            "hashes": [
                "sha256:9dcc4547dbb1cb284accfb15ab5667a0e5d1881cc443e0677b4882a4067a807e",
                "sha256:e0a968b5ba15f8a328fdfd7ab1fcb5af4470c28aaf7e55df02a99bc13138e6e8"
            ],
            "index": "pypi",
            "version": "==20.1.0"
        },
        "importlib-metadata": {
            "hashes": [
                "sha256:d13b81ad223b890aa16c5471f2ac3056cf76c5f10f82d6f9292f0b415f389000",
                "sha256:e5dd1551894c77868a30651cef00984d50e1002d06942a7101d34870c5f02afd"
            ],
            "markers": "python_version >= '3.9'",
            "version": "==8.7.0"
        },
        "opentelemetry-api": {
            "hashes": [
                "sha256:3c3b3ca5c5687b1b5b37e5c5027ff68eacea8675241b29f13110a8ffbb8f0459",
                "sha256:6130644268c5ac6bdffaf660ce878f10906b3e789f7e2daa5e169b047a2933b9"
            ],
            "markers": "python_version >= '3.9'",
            "version": "==1.39.0"
        },
        "psycopg2-binary": {
            "hashes": [
                "sha256:01310cf4cf26db9aea5158c217caa92d291f0500051a6469ac52166e1a16f5b7",
                "sha256:083a55275f09a62b8ca4902dd11f4b33075b743cf0d360419e2051a8a5d5ff76",
                "sha256:090f3348c0ab2cceb6dfbe6bf721ef61262ddf518cd6cc6ecc7d334996d64efa",
                "sha256:0a29729145aaaf1ad8bafe663131890e2111f13416b60e460dae0a96af5905c9",
                "sha256:0c9d5450c566c80c396b7402895c4369a410cab5a82707b11aee1e624da7d004",
                "sha256:10bb90fb4d523a2aa67773d4ff2b833ec00857f5912bafcfd5f5414e45280fb1",
                "sha256:12b11322ea00ad8db8c46f18b7dfc47ae215e4df55b46c67a94b4effbaec7094",
                "sha256:152f09f57417b831418304c7f30d727dc83a12761627bb826951692cc6491e57",
                "sha256:15803fa813ea05bef089fa78835118b5434204f3a17cb9f1e5dbfd0b9deea5af",
                "sha256:15c4e4cfa45f5a60599d9cec5f46cd7b1b29d86a6390ec23e8eebaae84e64554",
                "sha256:183a517a3a63503f70f808b58bfbf962f23d73b6dccddae5aa56152ef2bcb232",
                "sha256:1f14c8b0942714eb3c74e1e71700cbbcb415acbc311c730370e70c578a44a25c",
                "sha256:1f6b813106a3abdf7b03640d36e24669234120c72e91d5cbaeb87c5f7c36c65b",
                "sha256:280b0bb5cbfe8039205c7981cceb006156a675362a00fe29b16fbc264e242834",
                "sha256:2d872e3c9d5d075a2e104540965a1cf898b52274a5923936e5bfddb58c59c7c2",
                "sha256:2f9ffd643bc7349eeb664eba8864d9e01f057880f510e4681ba40a6532f93c71",
                "sha256:3303f8807f342641851578ee7ed1f3efc9802d00a6f83c101d21c608cb864460",
                "sha256:35168209c9d51b145e459e05c31a9eaeffa9a6b0fd61689b48e07464ffd1a83e",
                "sha256:3a79d622f5206d695d7824cbf609a4f5b88ea6d6dab5f7c147fc6d333a8787e4",
                "sha256:404224e5fef3b193f892abdbf8961ce20e0b6642886cfe1fe1923f41aaa75c9d",
                "sha256:46f0e0a6b5fa5851bbd9ab1bc805eef362d3a230fbdfbc209f4a236d0a7a990d",
                "sha256:47133f3f872faf28c1e87d4357220e809dfd3fa7c64295a4a148bcd1e6e34ec9",
                "sha256:526ea0378246d9b080148f2d6681229f4b5964543c170dd10bf4faaab6e0d27f",
                "sha256:53293533fcbb94c202b7c800a12c873cfe24599656b341f56e71dd2b557be063",
                "sha256:539b28661b71da7c0e428692438efbcd048ca21ea81af618d845e06ebfd29478",
                "sha256:57804fc02ca3ce0dbfbef35c4b3a4a774da66d66ea20f4bda601294ad2ea6092",
                "sha256:63638d875be8c2784cfc952c9ac34e2b50e43f9f0a0660b65e2a87d656b3116c",
                "sha256:6472a178e291b59e7f16ab49ec8b4f3bdada0a879c68d3817ff0963e722a82ce",
                "sha256:68641a34023d306be959101b345732360fc2ea4938982309b786f7be1b43a4a1",
                "sha256:6e82d38390a03da28c7985b394ec3f56873174e2c88130e6966cb1c946508e65",
                "sha256:761df5313dc15da1502b21453642d7599d26be88bff659382f8f9747c7ebea4e",
                "sha256:7af0dd86ddb2f8af5da57a976d27cd2cd15510518d582b478fbb2292428710b4",
                "sha256:7b1e9b80afca7b7a386ef087db614faebbf8839b7f4db5eb107d0f1a53225029",
                "sha256:874a52ecab70af13e899f7847b3e074eeb16ebac5615665db33bce8a1009cf33",
                "sha256:887dd9aac71765ac0d0bac1d0d4b4f2c99d5f5c1382d8b770404f0f3d0ce8a39",
                "sha256:8b344adbb9a862de0c635f4f0425b7958bf5a4b927c8594e6e8d261775796d53",
                "sha256:8fc53f9af09426a61db9ba357865c77f26076d48669f2e1bb24d85a22fb52307",
                "sha256:91920527dea30175cc02a1099f331aa8c1ba39bf8b7762b7b56cbf54bc5cce42",
                "sha256:93cd1967a18aa0edd4b95b1dfd554cf15af657cb606280996d393dadc88c3c35",
                "sha256:99485cab9ba0fa9b84f1f9e1fef106f44a46ef6afdeec8885e0b88d0772b49e8",
                "sha256:9d29409b625a143649d03d0fd7b57e4b92e0ecad9726ba682244b73be91d2fdb",
                "sha256:a29b3ca4ec9defec6d42bf5feb36bb5817ba3c0230dd83b4edf4bf02684cd0ae",
                "sha256:a9e1f75f96ea388fbcef36c70640c4efbe4650658f3d6a2967b4cc70e907352e",
                "sha256:accfe7e982411da3178ec690baaceaad3c278652998b2c45828aaac66cd8285f",
                "sha256:adf20d9a67e0b6393eac162eb81fb10bc9130a80540f4df7e7355c2dd4af9fba",
                "sha256:af9813db73395fb1fc211bac696faea4ca9ef53f32dc0cfa27e4e7cf766dcf24",
                "sha256:b1c8068513f5b158cf7e29c43a77eb34b407db29aca749d3eb9293ee0d3103ca",
                "sha256:bda845b664bb6c91446ca9609fc69f7db6c334ec5e4adc87571c34e4f47b7ddb",
                "sha256:c381bda330ddf2fccbafab789d83ebc6c53db126e4383e73794c74eedce855ef",
                "sha256:c3ae8e75eb7160851e59adc77b3a19a976e50622e44fd4fd47b8b18208189d42",
                "sha256:d1c1b569ecafe3a69380a94e6ae09a4789bbb23666f3d3a08d06bbd2451f5ef1",
                "sha256:def68d7c21984b0f8218e8a15d514f714d96904265164f75f8d3a70f9c295667",
                "sha256:dffc08ca91c9ac09008870c9eb77b00a46b3378719584059c034b8945e26b272",
                "sha256:e3699852e22aa68c10de06524a3721ade969abf382da95884e6a10ff798f9281",
                "sha256:e847774f8ffd5b398a75bc1c18fbb56564cda3d629fe68fd81971fece2d3c67e",
                "sha256:ffb7a888a047696e7f8240d649b43fb3644f14f0ee229077e7f6b9f9081635bd"
            ],
            "index": "pypi",
            "version": "==2.9.3"
        },
        "pyjwt": {
            "hashes": [
                "sha256:b888b4d56f06f6dcd777210c334e69c737be74755d3e5e9ee3fe67dc18a0ee41",
                "sha256:e0c4bb8d9f0af0c7f5b1ec4c5036309617d03d56932877f2f7a0beeb5318322f"
            ],
            "markers": "python_version >= '3.6'",
            "version": "==2.3.0"
        },
        "python-dotenv": {
            "hashes": [
                "sha256:32b2bdc1873fd3a3c346da1c6db83d0053c3c62f28f1f38516070c4c8971b1d3",
                "sha256:a5de49a31e953b45ff2d2fd434bbc2670e8db5273606c1e737cc6b93eff3655f"
            ],
            "index": "pypi",
            "version": "==0.19.2"
        },
        "sqlparse": {
            "hashes": [
                "sha256:0c00730c74263a94e5a9919ade150dfc3b19c574389985446148402998287dae",
                "sha256:48719e356bb8b42991bdbb1e8b83223757b93789c00910a616a071910ca4a64d"
            ],
            "markers": "python_version >= '3.5'",
            "version": "==0.4.2"
        },
        "typing-extensions": {
            "hashes": [
                "sha256:0cea48d173cc12fa28ecabc3b837ea3cf6f38c6d1136f85cbaaf598984861466",
                "sha256:f0fa19c6845758ab08074a0cfa8b7aecb71c999ca73d62883bc25cc018c4e548"
            ],
            "markers": "python_version >= '3.9'",
            "version": "==4.15.0"
        },
        "whitenoise": {
            "hashes": [
                "sha256:08c42bc535f9777eea1a599289d9433f081921f97887eaf6f559446b2a080374",
                "sha256:5a4aff543ee860fbe40d743e556adf92ccd41b7df45697cae074afdf657056b9"
            ],
            "index": "pypi",
            "version": "==6.0.0"
        },
        "wrapt": {
            "hashes": [
                "sha256:09c7476ab884b74dce081ad9bfd07fe5822d8600abade571cb1f66d5fc915af6",
                "sha256:0e17283f533a0d24d6e5429a7d11f250a58d28b4ae5186f8f47853e3e70d2590",
                "sha256:115cae4beed3542e37866469a8a1f2b9ec549b4463572b000611e9946b86e6f6",
                "sha256:1218573502a8235bb8a7ecaed12736213b22dcde9feab115fa2989d42b5ded45",
                "sha256:17fb85fa4abc26a5184d93b3efd2dcc14deb4b09edcdb3535a536ad34f0b4dba",
                "sha256:1e9b121e9aeb15df416c2c960b8255a49d44b4038016ee17af03975992d03931",
                "sha256:1f186e26ea0a55f809f232e92cc8556a0977e00183c3ebda039a807a42be1494",
                "sha256:1fdbb34da15450f2b1d735a0e969c24bdb8d8924892380126e2a293d9902078c",
                "sha256:23097ed8bc4c93b7bf36fa2113c6c733c976316ce0ee2c816f64ca06102034ef",
                "sha256:2879af909312d0baf35f08edeea918ee3af7ab57c37fe47cb6a373c9f2749c7b",
                "sha256:2afa23318136709c4b23d87d543b425c399887b4057936cd20386d5b1422b6fa",
                "sha256:2da620b31a90cdefa9cd0c2b661882329e2e19d1d7b9b920189956b76c564d75",
                "sha256:35cdbd478607036fee40273be8ed54a451f5f23121bd9d4be515158f9498f7ad",
                "sha256:36982b26f190f4d737f04a492a68accbfc6fa042c3f42326fdfbb6c5b7a20a31",
                "sha256:3793ac154afb0e5b45d1233cb94d354ef7a983708cc3bb12563853b1d8d53747",
                "sha256:386fb54d9cd903ee0012c09291336469eb7b244f7183d40dc3e86a16a4bace62",
                "sha256:3cd1a4bd9a7a619922a8557e1318232e7269b5fb69d4ba97b04d20450a6bf970",
                "sha256:3d32794fe940b7000f0519904e247f902f0149edbe6316c710a8562fb6738841",
                "sha256:3d366aa598d69416b5afedf1faa539fac40c1d80a42f6b236c88c73a3c8f2d41",
                "sha256:3e271346f01e9c8b1130a6a3b0e11908049fe5be2d365a5f402778049147e7e9",
                "sha256:3f373a4ab5dbc528a94334f9fe444395b23c2f5332adab9ff4ea82f5a9e33bc1",
                "sha256:3fa272ca34332581e00bf7773e993d4f632594eb2d1b0b162a9038df0fd971dd",
                "sha256:47434236c396d04875180171ee1f3815ca1eada05e24a1ee99546320d54d1d1b",
                "sha256:47b0f8bafe90f7736151f61482c583c86b0693d80f075a58701dd1549b0010a9",
                "sha256:4811e15d88ee62dbf5c77f2c3ff3932b1e3ac92323ba3912f51fc4016ce81ecf",
                "sha256:49989061a9977a8cbd6d20f2efa813f24bf657c6990a42967019ce779a878dbf",
                "sha256:4ae879acc449caa9ed43fc36ba08392b9412ee67941748d31d94e3cedb36628c",
                "sha256:4b55cacc57e1dc2d0991dbe74c6419ffd415fb66474a02335cb10efd1aa3f84f",
                "sha256:4d2ce1bf1a48c5277d7969259232b57645aae5686dba1eaeade39442277afbca",
                "sha256:4da7384b0e5d4cae05c97cd6f94faaf78cc8b0f791fc63af43436d98c4ab37bb",
                "sha256:4e54bbf554ee29fcceee24fa41c4d091398b911da6e7f5d7bffda963c9aed2e1",
                "sha256:50844efc8cdf63b2d90cd3d62d4947a28311e6266ce5235a219d21b195b4ec2c",
                "sha256:5a4939eae35db6b6cec8e7aa0e833dcca0acad8231672c26c2a9ab7a0f8ac9c8",
                "sha256:5dc1b852337c6792aa111ca8becff5bacf576bf4a0255b0f05eb749da6a1643e",
                "sha256:5e53b428f65ece6d9dad23cb87e64506392b720a0b45076c05354d27a13351a1",
                "sha256:61c4956171c7434634401db448371277d07032a81cc21c599c22953374781395",
                "sha256:641e94e789b5f6b4822bb8d8ebbdfc10f4e4eae7756d648b717d980f657a9eb9",
                "sha256:64b103acdaa53b7caf409e8d45d39a8442fe6dcfec6ba3f3d141e0cc2b5b4dbd",
                "sha256:68424221a2dc00d634b54f92441914929c5ffb1c30b3b837343978343a3512a3",
                "sha256:6bd1a18f5a797fe740cb3d7a0e853a8ce6461cc62023b630caec80171a6b8097",
                "sha256:6c72328f668cf4c503ffcf9434c2b71fdd624345ced7941bc6693e61bbe36bef",
                "sha256:6d2d947d266d99a1477cd005b23cbd09465276e302515e122df56bb9511aca1b",
                "sha256:7164a55f5e83a9a0b031d3ffab4d4e36bbec42e7025db560f225489fa929e509",
                "sha256:7b219cb2182f230676308cdcacd428fa837987b89e4b7c5c9025088b8a6c9faf",
                "sha256:7d539241e87b650cbc4c3ac9f32c8d1ac8a54e510f6dca3f6ab60dcfd48c9b10",
                "sha256:7de3cc939be0e1174969f943f3b44e0d79b6f9a82198133a5b7fc6cc92882f16",
                "sha256:8330b42d769965e96e01fa14034b28a2a7600fbf7e8f0cc90ebb36d492c993e4",
                "sha256:837e31620e06b16030b1d126ed78e9383815cbac914693f54926d816d35d8edf",
                "sha256:83ce30937f0ba0d28818807b303a412440c4b63e39d3d8fc036a94764b728c92",
                "sha256:85df8d92158cb8f3965aecc27cf821461bb5f40b450b03facc5d9f0d4d6ddec6",
                "sha256:8639b843c9efd84675f1e100ed9e99538ebea7297b62c4b45a7042edb84db03e",
                "sha256:89a82053b193837bf93c0f8a57ded6e4b6d88033a499dadff5067e912c2a41e9",
                "sha256:8bacfe6e001749a3b64db47bcf0341da757c95959f592823a93931a422395013",
                "sha256:8ec3303e8a81932171f455f792f8df500fc1a09f20069e5c16bd7049ab4e8e38",
                "sha256:90897ea1cf0679763b62e79657958cd54eae5659f6360fc7d2ccc6f906342183",
                "sha256:908f8c6c71557f4deaa280f55d0728c3bca0960e8c3dd5ceeeafb3c19942719d",
                "sha256:91bcc576260a274b169c3098e9a3519fb01f2989f6d3d386ef9cbf8653de1374",
                "sha256:9219a1d946a9b32bb23ccae66bdb61e35c62773ce7ca6509ceea70f344656b7b",
                "sha256:949520bccc1fa227274da7d03bf238be15389cd94e32e4297b92337df9b7a349",
                "sha256:98d873ed6c8b4ee2418f7afce666751854d6d03e3c0ec2a399bb039cd2ae89db",
                "sha256:9c9c635e78497cacb81e84f8b11b23e0aacac7a136e73b8e5b2109a1d9fc468f",
                "sha256:9ca66b38dd642bf90c59b6738af8070747b610115a39af2498535f62b5cdc1c3",
                "sha256:a453257f19c31b31ba593c30d997d6e5be39e3b5ad9148c2af5a7314061c63eb",
                "sha256:a52f93d95c8d38fed0669da2ebdb0b0376e895d84596a976c15a9eb45e3eccb3",
                "sha256:a9a83618c4f0757557c077ef71d708ddd9847ed66b7cc63416632af70d3e2308",
                "sha256:ab594f346517010050126fcd822697b25a7031d815bb4fbc238ccbe568216489",
                "sha256:ad3ee9d0f254851c71780966eb417ef8e72117155cff04821ab9b60549694a55",
                "sha256:aea9c7224c302bc8bfc892b908537f56c430802560e827b75ecbde81b604598b",
                "sha256:b4c2e3d777e38e913b8ce3a6257af72fb608f86a1df471cb1d4339755d0a807c",
                "sha256:b667189cf8efe008f55bbda321890bef628a67ab4147ebf90d182f2dadc78790",
                "sha256:b89ef9223d665ab255ae42cc282d27d69704d94be0deffc8b9d919179a609684",
                "sha256:be9e84e91d6497ba62594158d3d31ec0486c60055c49179edc51ee43d095f79c",
                "sha256:bf4cb76f36be5de950ce13e22e7fdf462b35b04665a12b64f3ac5c1bbbcf3728",
                "sha256:bfb5539005259f8127ea9c885bdc231978c06b7a980e63a8a61c8c4c979719d0",
                "sha256:c046781d422f0830de6329fa4b16796096f28a92c8aef3850674442cdcb87b7f",
                "sha256:c1be685ac7700c966b8610ccc63c3187a72e33cab53526a27b2a285a662cd4f7",
                "sha256:c1c91405fcf1d501fa5d55df21e58ea49e6b879ae829f1039faaf7e5e509b41e",
                "sha256:c235095d6d090aa903f1db61f892fffb779c1eaeb2a50e566b52001f7a0f66ed",
                "sha256:c4012a2bd37059d04f8209916aa771dfb564cccb86079072bdcd48a308b6a5c5",
                "sha256:c5ef2f2b8a53b7caee2f797ef166a390fef73979b15778a4a153e4b5fedce8fa",
                "sha256:c654eafb01afac55246053d67a4b9a984a3567c3808bb7df2f8de1c1caba2e1c",
                "sha256:c8d60527d1ecfc131426b10d93ab5d53e08a09c5fa0175f6b21b3252080c70a9",
                "sha256:c9e850f5b7fc67af856ff054c71690d54fa940c3ef74209ad9f935b4f66a0233",
                "sha256:cbeb0971e13b4bd81d34169ed57a6dda017328d1a22b62fda45e1d21dd06148f",
                "sha256:d1a8a09a004ef100e614beec82862d11fc17d601092c3599afd22b1f36e4137e",
                "sha256:d67956c676be5a24102c7407a71f4126d30de2a569a1c7871c9f3cabc94225d7",
                "sha256:d6cc985b9c8b235bd933990cdbf0f891f8e010b65a3911f7a55179cd7b0fc57b",
                "sha256:d7b822c61ed04ee6ad64bc90d13368ad6eb094db54883b5dde2182f67a7f22c0",
                "sha256:df0b6d3b95932809c5b3fecc18fda0f1e07452d05e2662a0b35548985f256e28",
                "sha256:e042d653a4745be832d5aa190ff80ee4f02c34b21f4b785745eceacd0907b815",
                "sha256:e2f84e9af2060e3904a32cea9bb6db23ce3f91cfd90c6b426757cf7cc01c45c7",
                "sha256:e3612dc06b436968dfb9142c62e5dfa9eb5924f91120b3c8ff501ad878f90eb3",
                "sha256:e505629359cb5f751e16e30cf3f91a1d3ddb4552480c205947da415d597f7ac2",
                "sha256:e60690ba71a57424c8d9ff28f8d006b7ad7772c22a4af432188572cd7fa004a1",
                "sha256:e76e3f91f864e89db8b8d2a8311d57df93f01ad6bb1e9b9976d1f2e83e18315c",
                "sha256:eb7cffe572ad0a141a7886a1d2efa5bef0bf7fe021deeea76b3ab334d2c38218",
                "sha256:ec65a78fbd9d6f083a15d7613b2800d5663dbb6bb96003899c834beaa68b242c",
                "sha256:eda8e4ecd662d48c28bb86be9e837c13e45c58b8300e43ba3c9b4fa9900302f7",
                "sha256:f26f8e2ca19564e2e1fdbb6a0e47f36e0efbab1acc31e15471fad88f828c75f6",
                "sha256:f49027b0b9503bf6c8cdc297ca55006b80c2f5dd36cecc72c6835ab6e10e8a25",
                "sha256:f73f9f7a0ebd0db139253d27e5fc8d2866ceaeef19c30ab5d69dcbe35e1a6981",
                "sha256:fa4184e74197af3adad3c889a1af95b53bb0466bced92ea99a0c014e48323eec",
                "sha256:fb1a5b72cbd751813adc02ef01ada0b0d05d3dcbc32976ce189a1279d80ad4a2",
                "sha256:fb3a86e703868561c5cad155a15c36c716e1ab513b7065bd2ac8ed353c503333",
                "sha256:fc007fdf480c77301ab1afdbb6ab22a5deee8885f3b1ed7afcb7e5e84a0e27be",
                "sha256:fe21b118b9f58859b5ebaa4b130dee18669df4bd111daad082b7beb8799ad16b",
                "sha256:fec0d993ecba3991645b4857837277469c8cc4c554a7e24d064d1ca291cfb81f"
            ],
            "markers": "python_version >= '3.8'",
            "version": "==2.0.1"
        },
        "zipp": {
            "hashes": [
                "sha256:071652d6115ed432f5ce1d34c336c0adfd6a884660d1e9712a256d3d3bd4b14e",
                "sha256:a07157588a12518c9d4034df3fbbee09c814741a33ff63c05fa29d26a2404166"
            ],
            "markers": "python_version >= '3.9'",
            "version": "==3.23.0"
        }
    },
    "develop": {}
}
